{
  "version": "3",
  "packages": {
    "specifiers": {
      "jsr:@henrygd/queue@^1.0.6": "jsr:@henrygd/queue@1.0.6",
      "jsr:@opentf/std@^0.12.0": "jsr:@opentf/std@0.12.0",
      "jsr:@std/cli@^1.0.1": "jsr:@std/cli@1.0.4",
      "jsr:@std/collections@^1.0.5": "jsr:@std/collections@1.0.5",
      "jsr:@std/crypto@^1.0.2": "jsr:@std/crypto@1.0.3",
      "jsr:@std/encoding@^1.0.2": "jsr:@std/encoding@1.0.2",
      "jsr:@std/fmt@^1.0.0": "jsr:@std/fmt@1.0.0",
      "jsr:@std/fmt@^1.0.0-rc.1": "jsr:@std/fmt@1.0.0",
      "jsr:@std/fs@^1.0.0-rc.5": "jsr:@std/fs@1.0.1",
      "jsr:@std/fs@^1.0.1": "jsr:@std/fs@1.0.1",
      "jsr:@std/io@^0.224.3": "jsr:@std/io@0.224.5",
      "jsr:@std/log@^0.224.5": "jsr:@std/log@0.224.5",
      "jsr:@std/path@^1.0.2": "jsr:@std/path@1.0.2",
      "npm:@types/cli-progress": "npm:@types/cli-progress@3.11.6",
      "npm:@types/cli-progress@3.11.6": "npm:@types/cli-progress@3.11.6",
      "npm:@types/node": "npm:@types/node@18.16.19",
      "npm:cli-progress@^3.12.0": "npm:cli-progress@3.12.0"
    },
    "jsr": {
      "@henrygd/queue@1.0.6": {
        "integrity": "f5ff9ee41b9abcaf1b9f878cae72fdb7a3955740938871228f8cdcb75d037d8f"
      },
      "@opentf/std@0.12.0": {
        "integrity": "a78ec5cee300c4379dda0e92458ae372a9e871daef7b2aa2a53cb2314a276980"
      },
      "@std/cli@1.0.4": {
        "integrity": "79ca75add572a99a8ba93ae37ccbd8d43fb4e2b635a8a7ebebb4f2d092048764"
      },
      "@std/collections@1.0.5": {
        "integrity": "ab9eac23b57a0c0b89ba45134e61561f69f3d001f37235a248ed40be260c0c10"
      },
      "@std/crypto@1.0.3": {
        "integrity": "a2a32f51ddef632d299e3879cd027c630dcd4d1d9a5285d6e6788072f4e51e7f"
      },
      "@std/encoding@1.0.2": {
        "integrity": "7ed640c777e3275550e2cd937c440acdbebfdcd2d13ef67052f0536bf43e707f"
      },
      "@std/fmt@1.0.0": {
        "integrity": "8a95c9fdbb61559418ccbc0f536080cf43341655e1444f9d375a66886ceaaa3d"
      },
      "@std/fs@1.0.1": {
        "integrity": "d6914ca2c21abe591f733b31dbe6331e446815e513e2451b3b9e472daddfefcb",
        "dependencies": [
          "jsr:@std/path@^1.0.2"
        ]
      },
      "@std/io@0.224.5": {
        "integrity": "cb84fe655d1273fca94efcff411465027a8b0b4225203f19d6ee98d9c8920a2d"
      },
      "@std/log@0.224.5": {
        "integrity": "4612a45189438441bbd923a4cad1cce5c44c6c4a039195a3e8d831ce38894eee",
        "dependencies": [
          "jsr:@std/fmt@^1.0.0-rc.1",
          "jsr:@std/fs@^1.0.0-rc.5",
          "jsr:@std/io@^0.224.3"
        ]
      },
      "@std/path@1.0.2": {
        "integrity": "a452174603f8c620bd278a380c596437a9eef50c891c64b85812f735245d9ec7"
      }
    },
    "npm": {
      "@types/cli-progress@3.11.6": {
        "integrity": "sha512-cE3+jb9WRlu+uOSAugewNpITJDt1VF8dHOopPO4IABFc3SXYL5WE/+PTz/FCdZRRfIujiWW3n3aMbv1eIGVRWA==",
        "dependencies": {
          "@types/node": "@types/node@18.16.19"
        }
      },
      "@types/node@18.16.19": {
        "integrity": "sha512-IXl7o+R9iti9eBW4Wg2hx1xQDig183jj7YLn8F7udNceyfkbn1ZxmzZXuak20gR40D7pIkIY1kYGx5VIGbaHKA==",
        "dependencies": {}
      },
      "ansi-regex@5.0.1": {
        "integrity": "sha512-quJQXlTSUGL2LH9SUXo8VwsY4soanhgo6LNSm84E1LBcE8s3O0wpdiRzyR9z/ZZJMlMWv37qOOb9pdJlMUEKFQ==",
        "dependencies": {}
      },
      "cli-progress@3.12.0": {
        "integrity": "sha512-tRkV3HJ1ASwm19THiiLIXLO7Im7wlTuKnvkYaTkyoAPefqjNg7W7DHKUlGRxy9vxDvbyCYQkQozvptuMkGCg8A==",
        "dependencies": {
          "string-width": "string-width@4.2.3"
        }
      },
      "emoji-regex@8.0.0": {
        "integrity": "sha512-MSjYzcWNOA0ewAHpz0MxpYFvwg6yjy1NG3xteoqz644VCo/RPgnr1/GGt+ic3iJTzQ8Eu3TdM14SawnVUmGE6A==",
        "dependencies": {}
      },
      "is-fullwidth-code-point@3.0.0": {
        "integrity": "sha512-zymm5+u+sCsSWyD9qNaejV3DFvhCKclKdizYaJUuHA83RLjb7nSuGnddCHGv0hk+KY7BMAlsWeK4Ueg6EV6XQg==",
        "dependencies": {}
      },
      "string-width@4.2.3": {
        "integrity": "sha512-wKyQRQpjJ0sIp62ErSZdGsjMJWsap5oRNihHhu6G7JVO/9jIB6UyevL+tXuOqrng8j/cxKTWyWUwvSTriiZz/g==",
        "dependencies": {
          "emoji-regex": "emoji-regex@8.0.0",
          "is-fullwidth-code-point": "is-fullwidth-code-point@3.0.0",
          "strip-ansi": "strip-ansi@6.0.1"
        }
      },
      "strip-ansi@6.0.1": {
        "integrity": "sha512-Y38VPSHcqkFrCpFnQ9vuSXmquuv5oXOKpGeT6aGrr3o3Gc9AlVa6JBfUSOCnbxGGZF+/0ooI7KrPuUSztUdU5A==",
        "dependencies": {
          "ansi-regex": "ansi-regex@5.0.1"
        }
      }
    }
  },
  "redirects": {
    "https://deno.land/x/sanitize_filename/mod.ts": "https://deno.land/x/sanitize_filename@1.2.1/mod.ts",
    "https://esm.sh/truncate-utf8-bytes": "https://esm.sh/truncate-utf8-bytes@1.0.2",
    "https://esm.sh/v135/@types/truncate-utf8-bytes@~1.0/index.d.ts": "https://esm.sh/v135/@types/truncate-utf8-bytes@1.0.2/index.d.ts"
  },
  "remote": {},
  "workspace": {
    "dependencies": [
      "jsr:@henrygd/queue@^1.0.6",
      "jsr:@opentf/std@^0.12.0",
      "jsr:@std/assert@1",
      "jsr:@std/cli@^1.0.1",
      "jsr:@std/collections@^1.0.5",
      "jsr:@std/crypto@^1.0.2",
      "jsr:@std/encoding@^1.0.2",
      "jsr:@std/fmt@^1.0.0",
      "jsr:@std/fs@^1.0.1",
      "jsr:@std/log@^0.224.5",
      "jsr:@std/path@^1.0.2",
      "npm:@types/cli-progress@^3.11.6",
      "npm:@types/node@^22.4.1",
      "npm:cli-progress@^3.12.0"
    ]
  }
}
