{
  "version": "3",
  "packages": {
    "specifiers": {
      "jsr:@henrygd/queue@^1.0.6": "jsr:@henrygd/queue@1.0.6",
      "jsr:@opentf/std@^0.12.0": "jsr:@opentf/std@0.12.0",
      "jsr:@std/bytes@^1.0.2": "jsr:@std/bytes@1.0.2",
      "jsr:@std/cli@^1.0.1": "jsr:@std/cli@1.0.5",
      "jsr:@std/collections@^1.0.5": "jsr:@std/collections@1.0.5",
      "jsr:@std/crypto@^1.0.2": "jsr:@std/crypto@1.0.3",
      "jsr:@std/encoding@^1.0.2": "jsr:@std/encoding@1.0.4",
      "jsr:@std/fmt@^1.0.0": "jsr:@std/fmt@1.0.1",
      "jsr:@std/fmt@^1.0.1": "jsr:@std/fmt@1.0.1",
      "jsr:@std/fs@^1.0.1": "jsr:@std/fs@1.0.2",
      "jsr:@std/fs@^1.0.2": "jsr:@std/fs@1.0.2",
      "jsr:@std/io@^0.224.6": "jsr:@std/io@0.224.6",
      "jsr:@std/log@^0.224.5": "jsr:@std/log@0.224.6",
      "jsr:@std/path@^1.0.2": "jsr:@std/path@1.0.3",
      "jsr:@std/path@^1.0.3": "jsr:@std/path@1.0.3",
      "npm:@types/cli-progress": "npm:@types/cli-progress@3.11.6",
      "npm:@types/cli-progress@3.11.6": "npm:@types/cli-progress@3.11.6",
      "npm:@types/node": "npm:@types/node@18.16.19",
      "npm:cli-progress@^3.12.0": "npm:cli-progress@3.12.0"
    },
    "jsr": {
      "@henrygd/queue@1.0.6": {
        "integrity": "f5ff9ee41b9abcaf1b9f878cae72fdb7a3955740938871228f8cdcb75d037d8f"
      },
      "@opentf/std@0.12.0": {
        "integrity": "a78ec5cee300c4379dda0e92458ae372a9e871daef7b2aa2a53cb2314a276980"
      },
      "@std/bytes@1.0.2": {
        "integrity": "fbdee322bbd8c599a6af186a1603b3355e59a5fb1baa139f8f4c3c9a1b3e3d57"
      },
      "@std/cli@1.0.5": {
        "integrity": "c93cce26ffd26f617c15a12874e1bfeabc90b1eee86017c9639093734c2bf587"
      },
      "@std/collections@1.0.5": {
        "integrity": "ab9eac23b57a0c0b89ba45134e61561f69f3d001f37235a248ed40be260c0c10"
      },
      "@std/crypto@1.0.3": {
        "integrity": "a2a32f51ddef632d299e3879cd027c630dcd4d1d9a5285d6e6788072f4e51e7f"
      },
      "@std/encoding@1.0.4": {
        "integrity": "2266cd516b32369e3dc5695717c96bf88343a1f761d6e6187a02a2bbe2af86ae"
      },
      "@std/fmt@1.0.1": {
        "integrity": "ef76c37faa7720faa8c20fd8cc74583f9b1e356dfd630c8714baa716a45856ab"
      },
      "@std/fmt@1.0.2": {
        "integrity": "87e9dfcdd3ca7c066e0c3c657c1f987c82888eb8103a3a3baa62684ffeb0f7a7"
      },
      "@std/fs@1.0.2": {
        "integrity": "af57555c7a224a6f147d5cced5404692974f7a628ced8eda67e0d22d92d474ec",
        "dependencies": [
          "jsr:@std/path@^1.0.3"
        ]
      },
      "@std/io@0.224.6": {
        "integrity": "eefe034a370be34daf066c8634dd645635d099bb21eccf110f0bdc28d9040891",
        "dependencies": [
          "jsr:@std/bytes@^1.0.2"
        ]
      },
      "@std/log@0.224.6": {
        "integrity": "c34e7b69fe84b2152ce2b0a1b5e211b26e6a1ce6a6b68a217b9342fd13ed95a4",
        "dependencies": [
          "jsr:@std/fmt@^1.0.1",
          "jsr:@std/fs@^1.0.2",
          "jsr:@std/io@^0.224.6"
        ]
      },
      "@std/path@1.0.3": {
        "integrity": "cd89d014ce7eb3742f2147b990f6753ee51d95276bfc211bc50c860c1bc7df6f"
      }
    },
    "npm": {
      "@types/cli-progress@3.11.6": {
        "integrity": "sha512-cE3+jb9WRlu+uOSAugewNpITJDt1VF8dHOopPO4IABFc3SXYL5WE/+PTz/FCdZRRfIujiWW3n3aMbv1eIGVRWA==",
        "dependencies": {
          "@types/node": "@types/node@18.16.19"
        }
      },
      "@types/node@18.16.19": {
        "integrity": "sha512-IXl7o+R9iti9eBW4Wg2hx1xQDig183jj7YLn8F7udNceyfkbn1ZxmzZXuak20gR40D7pIkIY1kYGx5VIGbaHKA==",
        "dependencies": {}
      },
      "ansi-regex@5.0.1": {
        "integrity": "sha512-quJQXlTSUGL2LH9SUXo8VwsY4soanhgo6LNSm84E1LBcE8s3O0wpdiRzyR9z/ZZJMlMWv37qOOb9pdJlMUEKFQ==",
        "dependencies": {}
      },
      "cli-progress@3.12.0": {
        "integrity": "sha512-tRkV3HJ1ASwm19THiiLIXLO7Im7wlTuKnvkYaTkyoAPefqjNg7W7DHKUlGRxy9vxDvbyCYQkQozvptuMkGCg8A==",
        "dependencies": {
          "string-width": "string-width@4.2.3"
        }
      },
      "emoji-regex@8.0.0": {
        "integrity": "sha512-MSjYzcWNOA0ewAHpz0MxpYFvwg6yjy1NG3xteoqz644VCo/RPgnr1/GGt+ic3iJTzQ8Eu3TdM14SawnVUmGE6A==",
        "dependencies": {}
      },
      "is-fullwidth-code-point@3.0.0": {
        "integrity": "sha512-zymm5+u+sCsSWyD9qNaejV3DFvhCKclKdizYaJUuHA83RLjb7nSuGnddCHGv0hk+KY7BMAlsWeK4Ueg6EV6XQg==",
        "dependencies": {}
      },
      "string-width@4.2.3": {
        "integrity": "sha512-wKyQRQpjJ0sIp62ErSZdGsjMJWsap5oRNihHhu6G7JVO/9jIB6UyevL+tXuOqrng8j/cxKTWyWUwvSTriiZz/g==",
        "dependencies": {
          "emoji-regex": "emoji-regex@8.0.0",
          "is-fullwidth-code-point": "is-fullwidth-code-point@3.0.0",
          "strip-ansi": "strip-ansi@6.0.1"
        }
      },
      "strip-ansi@6.0.1": {
        "integrity": "sha512-Y38VPSHcqkFrCpFnQ9vuSXmquuv5oXOKpGeT6aGrr3o3Gc9AlVa6JBfUSOCnbxGGZF+/0ooI7KrPuUSztUdU5A==",
        "dependencies": {
          "ansi-regex": "ansi-regex@5.0.1"
        }
      }
    }
  },
  "redirects": {
    "https://deno.land/x/sanitize_filename/mod.ts": "https://deno.land/x/sanitize_filename@1.2.1/mod.ts",
    "https://esm.sh/truncate-utf8-bytes": "https://esm.sh/truncate-utf8-bytes@1.0.2",
    "https://esm.sh/v135/@types/truncate-utf8-bytes@~1.0/index.d.ts": "https://esm.sh/v135/@types/truncate-utf8-bytes@1.0.2/index.d.ts"
  },
  "remote": {},
  "workspace": {
    "dependencies": [
      "jsr:@henrygd/queue@^1.0.6",
      "jsr:@opentf/std@^0.12.0",
      "jsr:@std/assert@1",
      "jsr:@std/cli@^1.0.1",
      "jsr:@std/collections@^1.0.5",
      "jsr:@std/crypto@^1.0.2",
      "jsr:@std/encoding@^1.0.2",
      "jsr:@std/fmt@^1.0.0",
      "jsr:@std/fs@^1.0.1",
      "jsr:@std/log@^0.224.5",
      "jsr:@std/path@^1.0.2",
      "npm:@types/cli-progress@^3.11.6",
      "npm:@types/node@^22.4.1",
      "npm:cli-progress@^3.12.0"
    ]
  }
}
